// !$*UTF8*$!
{
	archiveVersion = 1;
	classes = {
	};
	objectVersion = 46;
	objects = {

/* Begin PBXBuildFile section */
		DCF4EC271A66DE9100637897 /* AppDelegate.swift in Sources */ = {isa = PBXBuildFile; fileRef = DCF4EC261A66DE9100637897 /* AppDelegate.swift */; };
		DCF4EC291A66DE9100637897 /* ViewController.swift in Sources */ = {isa = PBXBuildFile; fileRef = DCF4EC281A66DE9100637897 /* ViewController.swift */; };
		DCF4EC2C1A66DE9200637897 /* Main.storyboard in Resources */ = {isa = PBXBuildFile; fileRef = DCF4EC2A1A66DE9100637897 /* Main.storyboard */; };
		DCF4EC2E1A66DE9200637897 /* Images.xcassets in Resources */ = {isa = PBXBuildFile; fileRef = DCF4EC2D1A66DE9200637897 /* Images.xcassets */; };
		DCF4EC311A66DE9200637897 /* LaunchScreen.xib in Resources */ = {isa = PBXBuildFile; fileRef = DCF4EC2F1A66DE9200637897 /* LaunchScreen.xib */; };
		DCF4EC3D1A66DE9200637897 /* SlotMachineTests.swift in Sources */ = {isa = PBXBuildFile; fileRef = DCF4EC3C1A66DE9200637897 /* SlotMachineTests.swift */; };
/* End PBXBuildFile section */

/* Begin PBXContainerItemProxy section */
		DCF4EC371A66DE9200637897 /* PBXContainerItemProxy */ = {
			isa = PBXContainerItemProxy;
			containerPortal = DCF4EC191A66DE9100637897 /* Project object */;
			proxyType = 1;
			remoteGlobalIDString = DCF4EC201A66DE9100637897;
			remoteInfo = SlotMachine;
		};
/* End PBXContainerItemProxy section */

/* Begin PBXFileReference section */
		DCF4EC211A66DE9100637897 /* SlotMachine.app */ = {isa = PBXFileReference; explicitFileType = wrapper.application; includeInIndex = 0; path = SlotMachine.app; sourceTree = BUILT_PRODUCTS_DIR; };
		DCF4EC251A66DE9100637897 /* Info.plist */ = {isa = PBXFileReference; lastKnownFileType = text.plist.xml; path = Info.plist; sourceTree = "<group>"; };
		DCF4EC261A66DE9100637897 /* AppDelegate.swift */ = {isa = PBXFileReference; lastKnownFileType = sourcecode.swift; path = AppDelegate.swift; sourceTree = "<group>"; };
		DCF4EC281A66DE9100637897 /* ViewController.swift */ = {isa = PBXFileReference; lastKnownFileType = sourcecode.swift; path = ViewController.swift; sourceTree = "<group>"; };
		DCF4EC2B1A66DE9200637897 /* Base */ = {isa = PBXFileReference; lastKnownFileType = file.storyboard; name = Base; path = Base.lproj/Main.storyboard; sourceTree = "<group>"; };
		DCF4EC2D1A66DE9200637897 /* Images.xcassets */ = {isa = PBXFileReference; lastKnownFileType = folder.assetcatalog; path = Images.xcassets; sourceTree = "<group>"; };
		DCF4EC301A66DE9200637897 /* Base */ = {isa = PBXFileReference; lastKnownFileType = file.xib; name = Base; path = Base.lproj/LaunchScreen.xib; sourceTree = "<group>"; };
		DCF4EC361A66DE9200637897 /* SlotMachineTests.xctest */ = {isa = PBXFileReference; explicitFileType = wrapper.cfbundle; includeInIndex = 0; path = SlotMachineTests.xctest; sourceTree = BUILT_PRODUCTS_DIR; };
		DCF4EC3B1A66DE9200637897 /* Info.plist */ = {isa = PBXFileReference; lastKnownFileType = text.plist.xml; path = Info.plist; sourceTree = "<group>"; };
		DCF4EC3C1A66DE9200637897 /* SlotMachineTests.swift */ = {isa = PBXFileReference; lastKnownFileType = sourcecode.swift; path = SlotMachineTests.swift; sourceTree = "<group>"; };
/* End PBXFileReference section */

/* Begin PBXFrameworksBuildPhase section */
		DCF4EC1E1A66DE9100637897 /* Frameworks */ = {
			isa = PBXFrameworksBuildPhase;
			buildActionMask = 2147483647;
			files = (
			);
			runOnlyForDeploymentPostprocessing = 0;
		};
		DCF4EC331A66DE9200637897 /* Frameworks */ = {
			isa = PBXFrameworksBuildPhase;
			buildActionMask = 2147483647;
			files = (
			);
			runOnlyForDeploymentPostprocessing = 0;
		};
/* End PBXFrameworksBuildPhase section */

/* Begin PBXGroup section */
		DCF4EC181A66DE9100637897 = {
			isa = PBXGroup;
			children = (
				DCF4EC231A66DE9100637897 /* SlotMachine */,
				DCF4EC391A66DE9200637897 /* SlotMachineTests */,
				DCF4EC221A66DE9100637897 /* Products */,
			);
			sourceTree = "<group>";
		};
		DCF4EC221A66DE9100637897 /* Products */ = {
			isa = PBXGroup;
			children = (
				DCF4EC211A66DE9100637897 /* SlotMachine.app */,
				DCF4EC361A66DE9200637897 /* SlotMachineTests.xctest */,
			);
			name = Products;
			sourceTree = "<group>";
		};
		DCF4EC231A66DE9100637897 /* SlotMachine */ = {
			isa = PBXGroup;
			children = (
				DCF4EC261A66DE9100637897 /* AppDelegate.swift */,
				DCF4EC281A66DE9100637897 /* ViewController.swift */,
				DCF4EC2A1A66DE9100637897 /* Main.storyboard */,
				DCF4EC2D1A66DE9200637897 /* Images.xcassets */,
				DCF4EC2F1A66DE9200637897 /* LaunchScreen.xib */,
				DCF4EC241A66DE9100637897 /* Supporting Files */,
			);
			path = SlotMachine;
			sourceTree = "<group>";
		};
		DCF4EC241A66DE9100637897 /* Supporting Files */ = {
			isa = PBXGroup;
			children = (
				DCF4EC251A66DE9100637897 /* Info.plist */,
			);
			name = "Supporting Files";
			sourceTree = "<group>";
		};
		DCF4EC391A66DE9200637897 /* SlotMachineTests */ = {
			isa = PBXGroup;
			children = (
				DCF4EC3C1A66DE9200637897 /* SlotMachineTests.swift */,
				DCF4EC3A1A66DE9200637897 /* Supporting Files */,
			);
			path = SlotMachineTests;
			sourceTree = "<group>";
		};
		DCF4EC3A1A66DE9200637897 /* Supporting Files */ = {
			isa = PBXGroup;
			children = (
				DCF4EC3B1A66DE9200637897 /* Info.plist */,
			);
			name = "Supporting Files";
			sourceTree = "<group>";
		};
/* End PBXGroup section */

/* Begin PBXNativeTarget section */
		DCF4EC201A66DE9100637897 /* SlotMachine */ = {
			isa = PBXNativeTarget;
			buildConfigurationList = DCF4EC401A66DE9200637897 /* Build configuration list for PBXNativeTarget "SlotMachine" */;
			buildPhases = (
				DCF4EC1D1A66DE9100637897 /* Sources */,
				DCF4EC1E1A66DE9100637897 /* Frameworks */,
				DCF4EC1F1A66DE9100637897 /* Resources */,
			);
			buildRules = (
			);
			dependencies = (
			);
			name = SlotMachine;
			productName = SlotMachine;
			productReference = DCF4EC211A66DE9100637897 /* SlotMachine.app */;
			productType = "com.apple.product-type.application";
		};
		DCF4EC351A66DE9200637897 /* SlotMachineTests */ = {
			isa = PBXNativeTarget;
			buildConfigurationList = DCF4EC431A66DE9200637897 /* Build configuration list for PBXNativeTarget "SlotMachineTests" */;
			buildPhases = (
				DCF4EC321A66DE9200637897 /* Sources */,
				DCF4EC331A66DE9200637897 /* Frameworks */,
				DCF4EC341A66DE9200637897 /* Resources */,
			);
			buildRules = (
			);
			dependencies = (
				DCF4EC381A66DE9200637897 /* PBXTargetDependency */,
			);
			name = SlotMachineTests;
			productName = SlotMachineTests;
			productReference = DCF4EC361A66DE9200637897 /* SlotMachineTests.xctest */;
			productType = "com.apple.product-type.bundle.unit-test";
		};
/* End PBXNativeTarget section */

/* Begin PBXProject section */
		DCF4EC191A66DE9100637897 /* Project object */ = {
			isa = PBXProject;
			attributes = {
				LastUpgradeCheck = 0610;
				ORGANIZATIONNAME = Pawswin;
				TargetAttributes = {
					DCF4EC201A66DE9100637897 = {
						CreatedOnToolsVersion = 6.1.1;
					};
					DCF4EC351A66DE9200637897 = {
						CreatedOnToolsVersion = 6.1.1;
						TestTargetID = DCF4EC201A66DE9100637897;
					};
				};
			};
			buildConfigurationList = DCF4EC1C1A66DE9100637897 /* Build configuration list for PBXProject "SlotMachine" */;
			compatibilityVersion = "Xcode 3.2";
			developmentRegion = English;
			hasScannedForEncodings = 0;
			knownRegions = (
				en,
				Base,
			);
			mainGroup = DCF4EC181A66DE9100637897;
			productRefGroup = DCF4EC221A66DE9100637897 /* Products */;
			projectDirPath = "";
			projectRoot = "";
			targets = (
				DCF4EC201A66DE9100637897 /* SlotMachine */,
				DCF4EC351A66DE9200637897 /* SlotMachineTests */,
			);
		};
/* End PBXProject section */

/* Begin PBXResourcesBuildPhase section */
		DCF4EC1F1A66DE9100637897 /* Resources */ = {
			isa = PBXResourcesBuildPhase;
			buildActionMask = 2147483647;
			files = (
				DCF4EC2C1A66DE9200637897 /* Main.storyboard in Resources */,
				DCF4EC311A66DE9200637897 /* LaunchScreen.xib in Resources */,
				DCF4EC2E1A66DE9200637897 /* Images.xcassets in Resources */,
			);
			runOnlyForDeploymentPostprocessing = 0;
		};
		DCF4EC341A66DE9200637897 /* Resources */ = {
			isa = PBXResourcesBuildPhase;
			buildActionMask = 2147483647;
			files = (
			);
			runOnlyForDeploymentPostprocessing = 0;
		};
/* End PBXResourcesBuildPhase section */

/* Begin PBXSourcesBuildPhase section */
		DCF4EC1D1A66DE9100637897 /* Sources */ = {
			isa = PBXSourcesBuildPhase;
			buildActionMask = 2147483647;
			files = (
				DCF4EC291A66DE9100637897 /* ViewController.swift in Sources */,
				DCF4EC271A66DE9100637897 /* AppDelegate.swift in Sources */,
			);
			runOnlyForDeploymentPostprocessing = 0;
		};
		DCF4EC321A66DE9200637897 /* Sources */ = {
			isa = PBXSourcesBuildPhase;
			buildActionMask = 2147483647;
			files = (
				DCF4EC3D1A66DE9200637897 /* SlotMachineTests.swift in Sources */,
			);
			runOnlyForDeploymentPostprocessing = 0;
		};
/* End PBXSourcesBuildPhase section */

/* Begin PBXTargetDependency section */
		DCF4EC381A66DE9200637897 /* PBXTargetDependency */ = {
			isa = PBXTargetDependency;
			target = DCF4EC201A66DE9100637897 /* SlotMachine */;
			targetProxy = DCF4EC371A66DE9200637897 /* PBXContainerItemProxy */;
		};
/* End PBXTargetDependency section */

/* Begin PBXVariantGroup section */
		DCF4EC2A1A66DE9100637897 /* Main.storyboard */ = {
			isa = PBXVariantGroup;
			children = (
				DCF4EC2B1A66DE9200637897 /* Base */,
			);
			name = Main.storyboard;
			sourceTree = "<group>";
		};
		DCF4EC2F1A66DE9200637897 /* LaunchScreen.xib */ = {
			isa = PBXVariantGroup;
			children = (
				DCF4EC301A66DE9200637897 /* Base */,
			);
			name = LaunchScreen.xib;
			sourceTree = "<group>";
		};
/* End PBXVariantGroup section */

/* Begin XCBuildConfiguration section */
		DCF4EC3E1A66DE9200637897 /* Debug */ = {
			isa = XCBuildConfiguration;
			buildSettings = {
				ALWAYS_SEARCH_USER_PATHS = NO;
				CLANG_CXX_LANGUAGE_STANDARD = "gnu++0x";
				CLANG_CXX_LIBRARY = "libc++";
				CLANG_ENABLE_MODULES = YES;
				CLANG_ENABLE_OBJC_ARC = YES;
				CLANG_WARN_BOOL_CONVERSION = YES;
				CLANG_WARN_CONSTANT_CONVERSION = YES;
				CLANG_WARN_DIRECT_OBJC_ISA_USAGE = YES_ERROR;
				CLANG_WARN_EMPTY_BODY = YES;
				CLANG_WARN_ENUM_CONVERSION = YES;
				CLANG_WARN_INT_CONVERSION = YES;
				CLANG_WARN_OBJC_ROOT_CLASS = YES_ERROR;
				CLANG_WARN_UNREACHABLE_CODE = YES;
				CLANG_WARN__DUPLICATE_METHOD_MATCH = YES;
				"CODE_SIGN_IDENTITY[sdk=iphoneos*]" = "iPhone Developer";
				COPY_PHASE_STRIP = NO;
				ENABLE_STRICT_OBJC_MSGSEND = YES;
				GCC_C_LANGUAGE_STANDARD = gnu99;
				GCC_DYNAMIC_NO_PIC = NO;
				GCC_OPTIMIZATION_LEVEL = 0;
				GCC_PREPROCESSOR_DEFINITIONS = (
					"DEBUG=1",
					"$(inherited)",
				);
				GCC_SYMBOLS_PRIVATE_EXTERN = NO;
				GCC_WARN_64_TO_32_BIT_CONVERSION = YES;
				GCC_WARN_ABOUT_RETURN_TYPE = YES_ERROR;
				GCC_WARN_UNDECLARED_SELECTOR = YES;
				GCC_WARN_UNINITIALIZED_AUTOS = YES_AGGRESSIVE;
				GCC_WARN_UNUSED_FUNCTION = YES;
				GCC_WARN_UNUSED_VARIABLE = YES;
				IPHONEOS_DEPLOYMENT_TARGET = 8.1;
				MTL_ENABLE_DEBUG_INFO = YES;
				ONLY_ACTIVE_ARCH = YES;
				SDKROOT = iphoneos;
				SWIFT_OPTIMIZATION_LEVEL = "-Onone";
				TARGETED_DEVICE_FAMILY = "1,2";
			};
			name = Debug;
		};
		DCF4EC3F1A66DE9200637897 /* Release */ = {
			isa = XCBuildConfiguration;
			buildSettings = {
				ALWAYS_SEARCH_USER_PATHS = NO;
				CLANG_CXX_LANGUAGE_STANDARD = "gnu++0x";
				CLANG_CXX_LIBRARY = "libc++";
				CLANG_ENABLE_MODULES = YES;
				CLANG_ENABLE_OBJC_ARC = YES;
				CLANG_WARN_BOOL_CONVERSION = YES;
				CLANG_WARN_CONSTANT_CONVERSION = YES;
				CLANG_WARN_DIRECT_OBJC_ISA_USAGE = YES_ERROR;
				CLANG_WARN_EMPTY_BODY = YES;
				CLANG_WARN_ENUM_CONVERSION = YES;
				CLANG_WARN_INT_CONVERSION = YES;
				CLANG_WARN_OBJC_ROOT_CLASS = YES_ERROR;
				CLANG_WARN_UNREACHABLE_CODE = YES;
				CLANG_WARN__DUPLICATE_METHOD_MATCH = YES;
				"CODE_SIGN_IDENTITY[sdk=iphoneos*]" = "iPhone Developer";
				COPY_PHASE_STRIP = YES;
				ENABLE_NS_ASSERTIONS = NO;
				ENABLE_STRICT_OBJC_MSGSEND = YES;
				GCC_C_LANGUAGE_STANDARD = gnu99;
				GCC_WARN_64_TO_32_BIT_CONVERSION = YES;
				GCC_WARN_ABOUT_RETURN_TYPE = YES_ERROR;
				GCC_WARN_UNDECLARED_SELECTOR = YES;
				GCC_WARN_UNINITIALIZED_AUTOS = YES_AGGRESSIVE;
				GCC_WARN_UNUSED_FUNCTION = YES;
				GCC_WARN_UNUSED_VARIABLE = YES;
				IPHONEOS_DEPLOYMENT_TARGET = 8.1;
				MTL_ENABLE_DEBUG_INFO = NO;
				SDKROOT = iphoneos;
				TARGETED_DEVICE_FAMILY = "1,2";
				VALIDATE_PRODUCT = YES;
			};
			name = Release;
		};
		DCF4EC411A66DE9200637897 /* Debug */ = {
			isa = XCBuildConfiguration;
			buildSettings = {
				ASSETCATALOG_COMPILER_APPICON_NAME = AppIcon;
				INFOPLIST_FILE = SlotMachine/Info.plist;
				LD_RUNPATH_SEARCH_PATHS = "$(inherited) @executable_path/Frameworks";
				PRODUCT_NAME = "$(TARGET_NAME)";
			};
			name = Debug;
		};
		DCF4EC421A66DE9200637897 /* Release */ = {
			isa = XCBuildConfiguration;
			buildSettings = {
				ASSETCATALOG_COMPILER_APPICON_NAME = AppIcon;
				INFOPLIST_FILE = SlotMachine/Info.plist;
				LD_RUNPATH_SEARCH_PATHS = "$(inherited) @executable_path/Frameworks";
				PRODUCT_NAME = "$(TARGET_NAME)";
			};
			name = Release;
		};
		DCF4EC441A66DE9200637897 /* Debug */ = {
			isa = XCBuildConfiguration;
			buildSettings = {
				BUNDLE_LOADER = "$(TEST_HOST)";
				FRAMEWORK_SEARCH_PATHS = (
					"$(SDKROOT)/Developer/Library/Frameworks",
					"$(inherited)",
				);
				GCC_PREPROCESSOR_DEFINITIONS = (
					"DEBUG=1",
					"$(inherited)",
				);
				INFOPLIST_FILE = SlotMachineTests/Info.plist;
				LD_RUNPATH_SEARCH_PATHS = "$(inherited) @executable_path/Frameworks @loader_path/Frameworks";
				PRODUCT_NAME = "$(TARGET_NAME)";
				TEST_HOST = "$(BUILT_PRODUCTS_DIR)/SlotMachine.app/SlotMachine";
			};
			name = Debug;
		};
		DCF4EC451A66DE9200637897 /* Release */ = {
			isa = XCBuildConfiguration;
			buildSettings = {
				BUNDLE_LOADER = "$(TEST_HOST)";
				FRAMEWORK_SEARCH_PATHS = (
					"$(SDKROOT)/Developer/Library/Frameworks",
					"$(inherited)",
				);
				INFOPLIST_FILE = SlotMachineTests/Info.plist;
				LD_RUNPATH_SEARCH_PATHS = "$(inherited) @executable_path/Frameworks @loader_path/Frameworks";
				PRODUCT_NAME = "$(TARGET_NAME)";
				TEST_HOST = "$(BUILT_PRODUCTS_DIR)/SlotMachine.app/SlotMachine";
			};
			name = Release;
		};
/* End XCBuildConfiguration section */

/* Begin XCConfigurationList section */
		DCF4EC1C1A66DE9100637897 /* Build configuration list for PBXProject "SlotMachine" */ = {
			isa = XCConfigurationList;
			buildConfigurations = (
				DCF4EC3E1A66DE9200637897 /* Debug */,
				DCF4EC3F1A66DE9200637897 /* Release */,
			);
			defaultConfigurationIsVisible = 0;
			defaultConfigurationName = Release;
		};
		DCF4EC401A66DE9200637897 /* Build configuration list for PBXNativeTarget "SlotMachine" */ = {
			isa = XCConfigurationList;
			buildConfigurations = (
				DCF4EC411A66DE9200637897 /* Debug */,
				DCF4EC421A66DE9200637897 /* Release */,
			);
			defaultConfigurationIsVisible = 0;
		};
		DCF4EC431A66DE9200637897 /* Build configuration list for PBXNativeTarget "SlotMachineTests" */ = {
			isa = XCConfigurationList;
			buildConfigurations = (
				DCF4EC441A66DE9200637897 /* Debug */,
				DCF4EC451A66DE9200637897 /* Release */,
			);
			defaultConfigurationIsVisible = 0;
		};
/* End XCConfigurationList section */
	};
	rootObject = DCF4EC191A66DE9100637897 /* Project object */;
}
